
Microsoft Visual Studio Solution File, Format Version 12.00
# Visual Studio Version 17
VisualStudioVersion = 17.3.32929.385
MinimumVisualStudioVersion = 10.0.40219.1
Project("{9A19103F-16F7-4668-BE54-9A1E7A4F7556}") = "ProjektWPF", "ProjektWPF\ProjektWPF.csproj", "{E48A3F96-95BA-4FC9-A167-1D281FE24EEC}"
EndProject
Global
	GlobalSection(SolutionConfigurationPlatforms) = preSolution
		Debug|Any CPU = Debug|Any CPU
		Release|Any CPU = Release|Any CPU
	EndGlobalSection
	GlobalSection(ProjectConfigurationPlatforms) = postSolution
		{E48A3F96-95BA-4FC9-A167-1D281FE24EEC}.Debug|Any CPU.ActiveCfg = Debug|Any CPU
		{E48A3F96-95BA-4FC9-A167-1D281FE24EEC}.Debug|Any CPU.Build.0 = Debug|Any CPU
		{E48A3F96-95BA-4FC9-A167-1D281FE24EEC}.Release|Any CPU.ActiveCfg = Release|Any CPU
		{E48A3F96-95BA-4FC9-A167-1D281FE24EEC}.Release|Any CPU.Build.0 = Release|Any CPU
	EndGlobalSection
	GlobalSection(SolutionProperties) = preSolution
		HideSolutionNode = FALSE
	EndGlobalSection
	GlobalSection(ExtensibilityGlobals) = postSolution
		SolutionGuid = {B59E1F32-4262-48A8-AD60-73DFAC5FC1FB}
	EndGlobalSection
EndGlobal
